// !$*UTF8*$!
{
	archiveVersion = 1;
	classes = {
	};
	objectVersion = 46;
	objects = {

/* Begin PBXBuildFile section */
		F79204801B3BA2B600843CE7 /* AppDelegate.swift in Sources */ = {isa = PBXBuildFile; fileRef = F792047F1B3BA2B600843CE7 /* AppDelegate.swift */; };
		F79204821B3BA2B600843CE7 /* ViewController.swift in Sources */ = {isa = PBXBuildFile; fileRef = F79204811B3BA2B600843CE7 /* ViewController.swift */; };
		F79204851B3BA2B600843CE7 /* Main.storyboard in Resources */ = {isa = PBXBuildFile; fileRef = F79204831B3BA2B600843CE7 /* Main.storyboard */; };
		F79204871B3BA2B600843CE7 /* Images.xcassets in Resources */ = {isa = PBXBuildFile; fileRef = F79204861B3BA2B600843CE7 /* Images.xcassets */; };
		F792048A1B3BA2B600843CE7 /* LaunchScreen.xib in Resources */ = {isa = PBXBuildFile; fileRef = F79204881B3BA2B600843CE7 /* LaunchScreen.xib */; };
		F79204961B3BA2B600843CE7 /* Pitch_ProjectTests.swift in Sources */ = {isa = PBXBuildFile; fileRef = F79204951B3BA2B600843CE7 /* Pitch_ProjectTests.swift */; };
/* End PBXBuildFile section */

/* Begin PBXContainerItemProxy section */
		F79204901B3BA2B600843CE7 /* PBXContainerItemProxy */ = {
			isa = PBXContainerItemProxy;
			containerPortal = F79204721B3BA2B600843CE7 /* Project object */;
			proxyType = 1;
			remoteGlobalIDString = F79204791B3BA2B600843CE7;
			remoteInfo = "Pitch Project";
		};
/* End PBXContainerItemProxy section */

/* Begin PBXFileReference section */
		F792047A1B3BA2B600843CE7 /* Pitch Project.app */ = {isa = PBXFileReference; explicitFileType = wrapper.application; includeInIndex = 0; path = "Pitch Project.app"; sourceTree = BUILT_PRODUCTS_DIR; };
		F792047E1B3BA2B600843CE7 /* Info.plist */ = {isa = PBXFileReference; lastKnownFileType = text.plist.xml; path = Info.plist; sourceTree = "<group>"; };
		F792047F1B3BA2B600843CE7 /* AppDelegate.swift */ = {isa = PBXFileReference; lastKnownFileType = sourcecode.swift; path = AppDelegate.swift; sourceTree = "<group>"; };
		F79204811B3BA2B600843CE7 /* ViewController.swift */ = {isa = PBXFileReference; lastKnownFileType = sourcecode.swift; path = ViewController.swift; sourceTree = "<group>"; };
		F79204841B3BA2B600843CE7 /* Base */ = {isa = PBXFileReference; lastKnownFileType = file.storyboard; name = Base; path = Base.lproj/Main.storyboard; sourceTree = "<group>"; };
		F79204861B3BA2B600843CE7 /* Images.xcassets */ = {isa = PBXFileReference; lastKnownFileType = folder.assetcatalog; path = Images.xcassets; sourceTree = "<group>"; };
		F79204891B3BA2B600843CE7 /* Base */ = {isa = PBXFileReference; lastKnownFileType = file.xib; name = Base; path = Base.lproj/LaunchScreen.xib; sourceTree = "<group>"; };
		F792048F1B3BA2B600843CE7 /* Pitch ProjectTests.xctest */ = {isa = PBXFileReference; explicitFileType = wrapper.cfbundle; includeInIndex = 0; path = "Pitch ProjectTests.xctest"; sourceTree = BUILT_PRODUCTS_DIR; };
		F79204941B3BA2B600843CE7 /* Info.plist */ = {isa = PBXFileReference; lastKnownFileType = text.plist.xml; path = Info.plist; sourceTree = "<group>"; };
		F79204951B3BA2B600843CE7 /* Pitch_ProjectTests.swift */ = {isa = PBXFileReference; lastKnownFileType = sourcecode.swift; path = Pitch_ProjectTests.swift; sourceTree = "<group>"; };
/* End PBXFileReference section */

/* Begin PBXFrameworksBuildPhase section */
		F79204771B3BA2B600843CE7 /* Frameworks */ = {
			isa = PBXFrameworksBuildPhase;
			buildActionMask = 2147483647;
			files = (
			);
			runOnlyForDeploymentPostprocessing = 0;
		};
		F792048C1B3BA2B600843CE7 /* Frameworks */ = {
			isa = PBXFrameworksBuildPhase;
			buildActionMask = 2147483647;
			files = (
			);
			runOnlyForDeploymentPostprocessing = 0;
		};
/* End PBXFrameworksBuildPhase section */

/* Begin PBXGroup section */
		F79204711B3BA2B600843CE7 = {
			isa = PBXGroup;
			children = (
				F792047C1B3BA2B600843CE7 /* Pitch Project */,
				F79204921B3BA2B600843CE7 /* Pitch ProjectTests */,
				F792047B1B3BA2B600843CE7 /* Products */,
			);
			sourceTree = "<group>";
		};
		F792047B1B3BA2B600843CE7 /* Products */ = {
			isa = PBXGroup;
			children = (
				F792047A1B3BA2B600843CE7 /* Pitch Project.app */,
				F792048F1B3BA2B600843CE7 /* Pitch ProjectTests.xctest */,
			);
			name = Products;
			sourceTree = "<group>";
		};
		F792047C1B3BA2B600843CE7 /* Pitch Project */ = {
			isa = PBXGroup;
			children = (
				F792047F1B3BA2B600843CE7 /* AppDelegate.swift */,
				F79204811B3BA2B600843CE7 /* ViewController.swift */,
				F79204831B3BA2B600843CE7 /* Main.storyboard */,
				F79204861B3BA2B600843CE7 /* Images.xcassets */,
				F79204881B3BA2B600843CE7 /* LaunchScreen.xib */,
				F792047D1B3BA2B600843CE7 /* Supporting Files */,
			);
			path = "Pitch Project";
			sourceTree = "<group>";
		};
		F792047D1B3BA2B600843CE7 /* Supporting Files */ = {
			isa = PBXGroup;
			children = (
				F792047E1B3BA2B600843CE7 /* Info.plist */,
			);
			name = "Supporting Files";
			sourceTree = "<group>";
		};
		F79204921B3BA2B600843CE7 /* Pitch ProjectTests */ = {
			isa = PBXGroup;
			children = (
				F79204951B3BA2B600843CE7 /* Pitch_ProjectTests.swift */,
				F79204931B3BA2B600843CE7 /* Supporting Files */,
			);
			path = "Pitch ProjectTests";
			sourceTree = "<group>";
		};
		F79204931B3BA2B600843CE7 /* Supporting Files */ = {
			isa = PBXGroup;
			children = (
				F79204941B3BA2B600843CE7 /* Info.plist */,
			);
			name = "Supporting Files";
			sourceTree = "<group>";
		};
/* End PBXGroup section */

/* Begin PBXNativeTarget section */
		F79204791B3BA2B600843CE7 /* Pitch Project */ = {
			isa = PBXNativeTarget;
			buildConfigurationList = F79204991B3BA2B600843CE7 /* Build configuration list for PBXNativeTarget "Pitch Project" */;
			buildPhases = (
				F79204761B3BA2B600843CE7 /* Sources */,
				F79204771B3BA2B600843CE7 /* Frameworks */,
				F79204781B3BA2B600843CE7 /* Resources */,
			);
			buildRules = (
			);
			dependencies = (
			);
			name = "Pitch Project";
			productName = "Pitch Project";
			productReference = F792047A1B3BA2B600843CE7 /* Pitch Project.app */;
			productType = "com.apple.product-type.application";
		};
		F792048E1B3BA2B600843CE7 /* Pitch ProjectTests */ = {
			isa = PBXNativeTarget;
			buildConfigurationList = F792049C1B3BA2B600843CE7 /* Build configuration list for PBXNativeTarget "Pitch ProjectTests" */;
			buildPhases = (
				F792048B1B3BA2B600843CE7 /* Sources */,
				F792048C1B3BA2B600843CE7 /* Frameworks */,
				F792048D1B3BA2B600843CE7 /* Resources */,
			);
			buildRules = (
			);
			dependencies = (
				F79204911B3BA2B600843CE7 /* PBXTargetDependency */,
			);
			name = "Pitch ProjectTests";
			productName = "Pitch ProjectTests";
			productReference = F792048F1B3BA2B600843CE7 /* Pitch ProjectTests.xctest */;
			productType = "com.apple.product-type.bundle.unit-test";
		};
/* End PBXNativeTarget section */

/* Begin PBXProject section */
		F79204721B3BA2B600843CE7 /* Project object */ = {
			isa = PBXProject;
			attributes = {
				LastUpgradeCheck = 0630;
				ORGANIZATIONNAME = IgorStar;
				TargetAttributes = {
					F79204791B3BA2B600843CE7 = {
						CreatedOnToolsVersion = 6.3.2;
					};
					F792048E1B3BA2B600843CE7 = {
						CreatedOnToolsVersion = 6.3.2;
						TestTargetID = F79204791B3BA2B600843CE7;
					};
				};
			};
			buildConfigurationList = F79204751B3BA2B600843CE7 /* Build configuration list for PBXProject "Pitch Project" */;
			compatibilityVersion = "Xcode 3.2";
			developmentRegion = English;
			hasScannedForEncodings = 0;
			knownRegions = (
				en,
				Base,
			);
			mainGroup = F79204711B3BA2B600843CE7;
			productRefGroup = F792047B1B3BA2B600843CE7 /* Products */;
			projectDirPath = "";
			projectRoot = "";
			targets = (
				F79204791B3BA2B600843CE7 /* Pitch Project */,
				F792048E1B3BA2B600843CE7 /* Pitch ProjectTests */,
			);
		};
/* End PBXProject section */

/* Begin PBXResourcesBuildPhase section */
		F79204781B3BA2B600843CE7 /* Resources */ = {
			isa = PBXResourcesBuildPhase;
			buildActionMask = 2147483647;
			files = (
				F79204851B3BA2B600843CE7 /* Main.storyboard in Resources */,
				F792048A1B3BA2B600843CE7 /* LaunchScreen.xib in Resources */,
				F79204871B3BA2B600843CE7 /* Images.xcassets in Resources */,
			);
			runOnlyForDeploymentPostprocessing = 0;
		};
		F792048D1B3BA2B600843CE7 /* Resources */ = {
			isa = PBXResourcesBuildPhase;
			buildActionMask = 2147483647;
			files = (
			);
			runOnlyForDeploymentPostprocessing = 0;
		};
/* End PBXResourcesBuildPhase section */

/* Begin PBXSourcesBuildPhase section */
		F79204761B3BA2B600843CE7 /* Sources */ = {
			isa = PBXSourcesBuildPhase;
			buildActionMask = 2147483647;
			files = (
				F79204821B3BA2B600843CE7 /* ViewController.swift in Sources */,
				F79204801B3BA2B600843CE7 /* AppDelegate.swift in Sources */,
			);
			runOnlyForDeploymentPostprocessing = 0;
		};
		F792048B1B3BA2B600843CE7 /* Sources */ = {
			isa = PBXSourcesBuildPhase;
			buildActionMask = 2147483647;
			files = (
				F79204961B3BA2B600843CE7 /* Pitch_ProjectTests.swift in Sources */,
			);
			runOnlyForDeploymentPostprocessing = 0;
		};
/* End PBXSourcesBuildPhase section */

/* Begin PBXTargetDependency section */
		F79204911B3BA2B600843CE7 /* PBXTargetDependency */ = {
			isa = PBXTargetDependency;
			target = F79204791B3BA2B600843CE7 /* Pitch Project */;
			targetProxy = F79204901B3BA2B600843CE7 /* PBXContainerItemProxy */;
		};
/* End PBXTargetDependency section */

/* Begin PBXVariantGroup section */
		F79204831B3BA2B600843CE7 /* Main.storyboard */ = {
			isa = PBXVariantGroup;
			children = (
				F79204841B3BA2B600843CE7 /* Base */,
			);
			name = Main.storyboard;
			sourceTree = "<group>";
		};
		F79204881B3BA2B600843CE7 /* LaunchScreen.xib */ = {
			isa = PBXVariantGroup;
			children = (
				F79204891B3BA2B600843CE7 /* Base */,
			);
			name = LaunchScreen.xib;
			sourceTree = "<group>";
		};
/* End PBXVariantGroup section */

/* Begin XCBuildConfiguration section */
		F79204971B3BA2B600843CE7 /* Debug */ = {
			isa = XCBuildConfiguration;
			buildSettings = {
				ALWAYS_SEARCH_USER_PATHS = NO;
				CLANG_CXX_LANGUAGE_STANDARD = "gnu++0x";
				CLANG_CXX_LIBRARY = "libc++";
				CLANG_ENABLE_MODULES = YES;
				CLANG_ENABLE_OBJC_ARC = YES;
				CLANG_WARN_BOOL_CONVERSION = YES;
				CLANG_WARN_CONSTANT_CONVERSION = YES;
				CLANG_WARN_DIRECT_OBJC_ISA_USAGE = YES_ERROR;
				CLANG_WARN_EMPTY_BODY = YES;
				CLANG_WARN_ENUM_CONVERSION = YES;
				CLANG_WARN_INT_CONVERSION = YES;
				CLANG_WARN_OBJC_ROOT_CLASS = YES_ERROR;
				CLANG_WARN_UNREACHABLE_CODE = YES;
				CLANG_WARN__DUPLICATE_METHOD_MATCH = YES;
				"CODE_SIGN_IDENTITY[sdk=iphoneos*]" = "iPhone Developer";
				COPY_PHASE_STRIP = NO;
				DEBUG_INFORMATION_FORMAT = "dwarf-with-dsym";
				ENABLE_STRICT_OBJC_MSGSEND = YES;
				GCC_C_LANGUAGE_STANDARD = gnu99;
				GCC_DYNAMIC_NO_PIC = NO;
				GCC_NO_COMMON_BLOCKS = YES;
				GCC_OPTIMIZATION_LEVEL = 0;
				GCC_PREPROCESSOR_DEFINITIONS = (
					"DEBUG=1",
					"$(inherited)",
				);
				GCC_SYMBOLS_PRIVATE_EXTERN = NO;
				GCC_WARN_64_TO_32_BIT_CONVERSION = YES;
				GCC_WARN_ABOUT_RETURN_TYPE = YES_ERROR;
				GCC_WARN_UNDECLARED_SELECTOR = YES;
				GCC_WARN_UNINITIALIZED_AUTOS = YES_AGGRESSIVE;
				GCC_WARN_UNUSED_FUNCTION = YES;
				GCC_WARN_UNUSED_VARIABLE = YES;
				IPHONEOS_DEPLOYMENT_TARGET = 8.3;
				MTL_ENABLE_DEBUG_INFO = YES;
				ONLY_ACTIVE_ARCH = YES;
				SDKROOT = iphoneos;
				SWIFT_OPTIMIZATION_LEVEL = "-Onone";
			};
			name = Debug;
		};
		F79204981B3BA2B600843CE7 /* Release */ = {
			isa = XCBuildConfiguration;
			buildSettings = {
				ALWAYS_SEARCH_USER_PATHS = NO;
				CLANG_CXX_LANGUAGE_STANDARD = "gnu++0x";
				CLANG_CXX_LIBRARY = "libc++";
				CLANG_ENABLE_MODULES = YES;
				CLANG_ENABLE_OBJC_ARC = YES;
				CLANG_WARN_BOOL_CONVERSION = YES;
				CLANG_WARN_CONSTANT_CONVERSION = YES;
				CLANG_WARN_DIRECT_OBJC_ISA_USAGE = YES_ERROR;
				CLANG_WARN_EMPTY_BODY = YES;
				CLANG_WARN_ENUM_CONVERSION = YES;
				CLANG_WARN_INT_CONVERSION = YES;
				CLANG_WARN_OBJC_ROOT_CLASS = YES_ERROR;
				CLANG_WARN_UNREACHABLE_CODE = YES;
				CLANG_WARN__DUPLICATE_METHOD_MATCH = YES;
				"CODE_SIGN_IDENTITY[sdk=iphoneos*]" = "iPhone Developer";
				COPY_PHASE_STRIP = NO;
				DEBUG_INFORMATION_FORMAT = "dwarf-with-dsym";
				ENABLE_NS_ASSERTIONS = NO;
				ENABLE_STRICT_OBJC_MSGSEND = YES;
				GCC_C_LANGUAGE_STANDARD = gnu99;
				GCC_NO_COMMON_BLOCKS = YES;
				GCC_WARN_64_TO_32_BIT_CONVERSION = YES;
				GCC_WARN_ABOUT_RETURN_TYPE = YES_ERROR;
				GCC_WARN_UNDECLARED_SELECTOR = YES;
				GCC_WARN_UNINITIALIZED_AUTOS = YES_AGGRESSIVE;
				GCC_WARN_UNUSED_FUNCTION = YES;
				GCC_WARN_UNUSED_VARIABLE = YES;
				IPHONEOS_DEPLOYMENT_TARGET = 8.3;
				MTL_ENABLE_DEBUG_INFO = NO;
				SDKROOT = iphoneos;
				VALIDATE_PRODUCT = YES;
			};
			name = Release;
		};
		F792049A1B3BA2B600843CE7 /* Debug */ = {
			isa = XCBuildConfiguration;
			buildSettings = {
				ASSETCATALOG_COMPILER_APPICON_NAME = AppIcon;
				INFOPLIST_FILE = "Pitch Project/Info.plist";
				LD_RUNPATH_SEARCH_PATHS = "$(inherited) @executable_path/Frameworks";
				PRODUCT_NAME = "$(TARGET_NAME)";
			};
			name = Debug;
		};
		F792049B1B3BA2B600843CE7 /* Release */ = {
			isa = XCBuildConfiguration;
			buildSettings = {
				ASSETCATALOG_COMPILER_APPICON_NAME = AppIcon;
				INFOPLIST_FILE = "Pitch Project/Info.plist";
				LD_RUNPATH_SEARCH_PATHS = "$(inherited) @executable_path/Frameworks";
				PRODUCT_NAME = "$(TARGET_NAME)";
			};
			name = Release;
		};
		F792049D1B3BA2B600843CE7 /* Debug */ = {
			isa = XCBuildConfiguration;
			buildSettings = {
				BUNDLE_LOADER = "$(TEST_HOST)";
				FRAMEWORK_SEARCH_PATHS = (
					"$(SDKROOT)/Developer/Library/Frameworks",
					"$(inherited)",
				);
				GCC_PREPROCESSOR_DEFINITIONS = (
					"DEBUG=1",
					"$(inherited)",
				);
				INFOPLIST_FILE = "Pitch ProjectTests/Info.plist";
				LD_RUNPATH_SEARCH_PATHS = "$(inherited) @executable_path/Frameworks @loader_path/Frameworks";
				PRODUCT_NAME = "$(TARGET_NAME)";
				TEST_HOST = "$(BUILT_PRODUCTS_DIR)/Pitch Project.app/Pitch Project";
			};
			name = Debug;
		};
		F792049E1B3BA2B600843CE7 /* Release */ = {
			isa = XCBuildConfiguration;
			buildSettings = {
				BUNDLE_LOADER = "$(TEST_HOST)";
				FRAMEWORK_SEARCH_PATHS = (
					"$(SDKROOT)/Developer/Library/Frameworks",
					"$(inherited)",
				);
				INFOPLIST_FILE = "Pitch ProjectTests/Info.plist";
				LD_RUNPATH_SEARCH_PATHS = "$(inherited) @executable_path/Frameworks @loader_path/Frameworks";
				PRODUCT_NAME = "$(TARGET_NAME)";
				TEST_HOST = "$(BUILT_PRODUCTS_DIR)/Pitch Project.app/Pitch Project";
			};
			name = Release;
		};
/* End XCBuildConfiguration section */

/* Begin XCConfigurationList section */
		F79204751B3BA2B600843CE7 /* Build configuration list for PBXProject "Pitch Project" */ = {
			isa = XCConfigurationList;
			buildConfigurations = (
				F79204971B3BA2B600843CE7 /* Debug */,
				F79204981B3BA2B600843CE7 /* Release */,
			);
			defaultConfigurationIsVisible = 0;
			defaultConfigurationName = Release;
		};
		F79204991B3BA2B600843CE7 /* Build configuration list for PBXNativeTarget "Pitch Project" */ = {
			isa = XCConfigurationList;
			buildConfigurations = (
				F792049A1B3BA2B600843CE7 /* Debug */,
				F792049B1B3BA2B600843CE7 /* Release */,
			);
			defaultConfigurationIsVisible = 0;
		};
		F792049C1B3BA2B600843CE7 /* Build configuration list for PBXNativeTarget "Pitch ProjectTests" */ = {
			isa = XCConfigurationList;
			buildConfigurations = (
				F792049D1B3BA2B600843CE7 /* Debug */,
				F792049E1B3BA2B600843CE7 /* Release */,
			);
			defaultConfigurationIsVisible = 0;
		};
/* End XCConfigurationList section */
	};
	rootObject = F79204721B3BA2B600843CE7 /* Project object */;
}
